// !$*UTF8*$!
{
	archiveVersion = 1;
	classes = {
	};
	objectVersion = 46;
	objects = {

/* Begin PBXBuildFile section */
		23FF20E135AD2CED0E425718 /* Pods_TestFirebaseAppUITests.framework in Frameworks */ = {isa = PBXBuildFile; fileRef = 6C4690A4FC38DADEAE5142B1 /* Pods_TestFirebaseAppUITests.framework */; };
		418DEA451D449CE700D49A5A /* AppDelegate.swift in Sources */ = {isa = PBXBuildFile; fileRef = 418DEA441D449CE700D49A5A /* AppDelegate.swift */; };
		418DEA471D449CE700D49A5A /* ViewController.swift in Sources */ = {isa = PBXBuildFile; fileRef = 418DEA461D449CE700D49A5A /* ViewController.swift */; };
		418DEA4A1D449CE700D49A5A /* Main.storyboard in Resources */ = {isa = PBXBuildFile; fileRef = 418DEA481D449CE700D49A5A /* Main.storyboard */; };
		418DEA4C1D449CE700D49A5A /* Assets.xcassets in Resources */ = {isa = PBXBuildFile; fileRef = 418DEA4B1D449CE700D49A5A /* Assets.xcassets */; };
		418DEA4F1D449CE700D49A5A /* LaunchScreen.storyboard in Resources */ = {isa = PBXBuildFile; fileRef = 418DEA4D1D449CE700D49A5A /* LaunchScreen.storyboard */; };
		418DEA5A1D449CE700D49A5A /* TestFirebaseAppTests.swift in Sources */ = {isa = PBXBuildFile; fileRef = 418DEA591D449CE700D49A5A /* TestFirebaseAppTests.swift */; };
		418DEA651D449CE700D49A5A /* TestFirebaseAppUITests.swift in Sources */ = {isa = PBXBuildFile; fileRef = 418DEA641D449CE700D49A5A /* TestFirebaseAppUITests.swift */; };
		418DEA771D449F3600D49A5A /* GoogleService-Info.plist in Resources */ = {isa = PBXBuildFile; fileRef = 418DEA761D449F3600D49A5A /* GoogleService-Info.plist */; };
		418DEA781D449F3600D49A5A /* GoogleService-Info.plist in Resources */ = {isa = PBXBuildFile; fileRef = 418DEA761D449F3600D49A5A /* GoogleService-Info.plist */; };
		418DEA791D449F3600D49A5A /* GoogleService-Info.plist in Resources */ = {isa = PBXBuildFile; fileRef = 418DEA761D449F3600D49A5A /* GoogleService-Info.plist */; };
		41D48CA71D44BB69008792EE /* GoogleSignInViewController.swift in Sources */ = {isa = PBXBuildFile; fileRef = 41D48CA61D44BB69008792EE /* GoogleSignInViewController.swift */; };
		916EC42083813E1B5A837DD3 /* Pods_TestFirebaseApp.framework in Frameworks */ = {isa = PBXBuildFile; fileRef = FAFA7ED54254848CB37C6988 /* Pods_TestFirebaseApp.framework */; };
		F07C7027C82837FFBE7CF3D7 /* Pods_TestFirebaseAppTests.framework in Frameworks */ = {isa = PBXBuildFile; fileRef = CCE7E8283D256938B9E2F2DC /* Pods_TestFirebaseAppTests.framework */; };
/* End PBXBuildFile section */

/* Begin PBXContainerItemProxy section */
		418DEA561D449CE700D49A5A /* PBXContainerItemProxy */ = {
			isa = PBXContainerItemProxy;
			containerPortal = 418DEA391D449CE700D49A5A /* Project object */;
			proxyType = 1;
			remoteGlobalIDString = 418DEA401D449CE700D49A5A;
			remoteInfo = TestFirebaseApp;
		};
		418DEA611D449CE700D49A5A /* PBXContainerItemProxy */ = {
			isa = PBXContainerItemProxy;
			containerPortal = 418DEA391D449CE700D49A5A /* Project object */;
			proxyType = 1;
			remoteGlobalIDString = 418DEA401D449CE700D49A5A;
			remoteInfo = TestFirebaseApp;
		};
/* End PBXContainerItemProxy section */

/* Begin PBXFileReference section */
		37661B056045BB74778986B3 /* Pods-TestFirebaseAppUITests.release.xcconfig */ = {isa = PBXFileReference; includeInIndex = 1; lastKnownFileType = text.xcconfig; name = "Pods-TestFirebaseAppUITests.release.xcconfig"; path = "Pods/Target Support Files/Pods-TestFirebaseAppUITests/Pods-TestFirebaseAppUITests.release.xcconfig"; sourceTree = "<group>"; };
		418DEA411D449CE700D49A5A /* TestFirebaseApp.app */ = {isa = PBXFileReference; explicitFileType = wrapper.application; includeInIndex = 0; path = TestFirebaseApp.app; sourceTree = BUILT_PRODUCTS_DIR; };
		418DEA441D449CE700D49A5A /* AppDelegate.swift */ = {isa = PBXFileReference; lastKnownFileType = sourcecode.swift; path = AppDelegate.swift; sourceTree = "<group>"; };
		418DEA461D449CE700D49A5A /* ViewController.swift */ = {isa = PBXFileReference; lastKnownFileType = sourcecode.swift; path = ViewController.swift; sourceTree = "<group>"; };
		418DEA491D449CE700D49A5A /* Base */ = {isa = PBXFileReference; lastKnownFileType = file.storyboard; name = Base; path = Base.lproj/Main.storyboard; sourceTree = "<group>"; };
		418DEA4B1D449CE700D49A5A /* Assets.xcassets */ = {isa = PBXFileReference; lastKnownFileType = folder.assetcatalog; path = Assets.xcassets; sourceTree = "<group>"; };
		418DEA4E1D449CE700D49A5A /* Base */ = {isa = PBXFileReference; lastKnownFileType = file.storyboard; name = Base; path = Base.lproj/LaunchScreen.storyboard; sourceTree = "<group>"; };
		418DEA501D449CE700D49A5A /* Info.plist */ = {isa = PBXFileReference; lastKnownFileType = text.plist.xml; path = Info.plist; sourceTree = "<group>"; };
		418DEA551D449CE700D49A5A /* TestFirebaseAppTests.xctest */ = {isa = PBXFileReference; explicitFileType = wrapper.cfbundle; includeInIndex = 0; path = TestFirebaseAppTests.xctest; sourceTree = BUILT_PRODUCTS_DIR; };
		418DEA591D449CE700D49A5A /* TestFirebaseAppTests.swift */ = {isa = PBXFileReference; lastKnownFileType = sourcecode.swift; path = TestFirebaseAppTests.swift; sourceTree = "<group>"; };
		418DEA5B1D449CE700D49A5A /* Info.plist */ = {isa = PBXFileReference; lastKnownFileType = text.plist.xml; path = Info.plist; sourceTree = "<group>"; };
		418DEA601D449CE700D49A5A /* TestFirebaseAppUITests.xctest */ = {isa = PBXFileReference; explicitFileType = wrapper.cfbundle; includeInIndex = 0; path = TestFirebaseAppUITests.xctest; sourceTree = BUILT_PRODUCTS_DIR; };
		418DEA641D449CE700D49A5A /* TestFirebaseAppUITests.swift */ = {isa = PBXFileReference; lastKnownFileType = sourcecode.swift; path = TestFirebaseAppUITests.swift; sourceTree = "<group>"; };
		418DEA661D449CE700D49A5A /* Info.plist */ = {isa = PBXFileReference; lastKnownFileType = text.plist.xml; path = Info.plist; sourceTree = "<group>"; };
		418DEA761D449F3600D49A5A /* GoogleService-Info.plist */ = {isa = PBXFileReference; fileEncoding = 4; lastKnownFileType = text.plist.xml; path = "GoogleService-Info.plist"; sourceTree = "<group>"; };
		41D48CA51D44B630008792EE /* TestFirebaseApp-Bridging-Header.h */ = {isa = PBXFileReference; fileEncoding = 4; lastKnownFileType = sourcecode.c.h; path = "TestFirebaseApp-Bridging-Header.h"; sourceTree = "<group>"; };
		41D48CA61D44BB69008792EE /* GoogleSignInViewController.swift */ = {isa = PBXFileReference; fileEncoding = 4; lastKnownFileType = sourcecode.swift; path = GoogleSignInViewController.swift; sourceTree = "<group>"; };
		452FC683F9DC511A1B40A98F /* Pods-TestFirebaseApp.release.xcconfig */ = {isa = PBXFileReference; includeInIndex = 1; lastKnownFileType = text.xcconfig; name = "Pods-TestFirebaseApp.release.xcconfig"; path = "Pods/Target Support Files/Pods-TestFirebaseApp/Pods-TestFirebaseApp.release.xcconfig"; sourceTree = "<group>"; };
		6C4690A4FC38DADEAE5142B1 /* Pods_TestFirebaseAppUITests.framework */ = {isa = PBXFileReference; explicitFileType = wrapper.framework; includeInIndex = 0; path = Pods_TestFirebaseAppUITests.framework; sourceTree = BUILT_PRODUCTS_DIR; };
		9A28B2915E08249EF6D6D53C /* Pods-TestFirebaseApp.debug.xcconfig */ = {isa = PBXFileReference; includeInIndex = 1; lastKnownFileType = text.xcconfig; name = "Pods-TestFirebaseApp.debug.xcconfig"; path = "Pods/Target Support Files/Pods-TestFirebaseApp/Pods-TestFirebaseApp.debug.xcconfig"; sourceTree = "<group>"; };
		B9B80B9C31C43E547A565901 /* Pods-TestFirebaseAppTests.release.xcconfig */ = {isa = PBXFileReference; includeInIndex = 1; lastKnownFileType = text.xcconfig; name = "Pods-TestFirebaseAppTests.release.xcconfig"; path = "Pods/Target Support Files/Pods-TestFirebaseAppTests/Pods-TestFirebaseAppTests.release.xcconfig"; sourceTree = "<group>"; };
		CAA2361917BCB5B74807DBAA /* Pods-TestFirebaseAppTests.debug.xcconfig */ = {isa = PBXFileReference; includeInIndex = 1; lastKnownFileType = text.xcconfig; name = "Pods-TestFirebaseAppTests.debug.xcconfig"; path = "Pods/Target Support Files/Pods-TestFirebaseAppTests/Pods-TestFirebaseAppTests.debug.xcconfig"; sourceTree = "<group>"; };
		CCE7E8283D256938B9E2F2DC /* Pods_TestFirebaseAppTests.framework */ = {isa = PBXFileReference; explicitFileType = wrapper.framework; includeInIndex = 0; path = Pods_TestFirebaseAppTests.framework; sourceTree = BUILT_PRODUCTS_DIR; };
		DF324CB90BD87CB1113C1AFE /* Pods-TestFirebaseAppUITests.debug.xcconfig */ = {isa = PBXFileReference; includeInIndex = 1; lastKnownFileType = text.xcconfig; name = "Pods-TestFirebaseAppUITests.debug.xcconfig"; path = "Pods/Target Support Files/Pods-TestFirebaseAppUITests/Pods-TestFirebaseAppUITests.debug.xcconfig"; sourceTree = "<group>"; };
		FAFA7ED54254848CB37C6988 /* Pods_TestFirebaseApp.framework */ = {isa = PBXFileReference; explicitFileType = wrapper.framework; includeInIndex = 0; path = Pods_TestFirebaseApp.framework; sourceTree = BUILT_PRODUCTS_DIR; };
/* End PBXFileReference section */

/* Begin PBXFrameworksBuildPhase section */
		418DEA3E1D449CE700D49A5A /* Frameworks */ = {
			isa = PBXFrameworksBuildPhase;
			buildActionMask = 2147483647;
			files = (
				916EC42083813E1B5A837DD3 /* Pods_TestFirebaseApp.framework in Frameworks */,
			);
			runOnlyForDeploymentPostprocessing = 0;
		};
		418DEA521D449CE700D49A5A /* Frameworks */ = {
			isa = PBXFrameworksBuildPhase;
			buildActionMask = 2147483647;
			files = (
				F07C7027C82837FFBE7CF3D7 /* Pods_TestFirebaseAppTests.framework in Frameworks */,
			);
			runOnlyForDeploymentPostprocessing = 0;
		};
		418DEA5D1D449CE700D49A5A /* Frameworks */ = {
			isa = PBXFrameworksBuildPhase;
			buildActionMask = 2147483647;
			files = (
				23FF20E135AD2CED0E425718 /* Pods_TestFirebaseAppUITests.framework in Frameworks */,
			);
			runOnlyForDeploymentPostprocessing = 0;
		};
/* End PBXFrameworksBuildPhase section */

/* Begin PBXGroup section */
		0BDFAA72AF23E189035B3A03 /* Pods */ = {
			isa = PBXGroup;
			children = (
				9A28B2915E08249EF6D6D53C /* Pods-TestFirebaseApp.debug.xcconfig */,
				452FC683F9DC511A1B40A98F /* Pods-TestFirebaseApp.release.xcconfig */,
				CAA2361917BCB5B74807DBAA /* Pods-TestFirebaseAppTests.debug.xcconfig */,
				B9B80B9C31C43E547A565901 /* Pods-TestFirebaseAppTests.release.xcconfig */,
				DF324CB90BD87CB1113C1AFE /* Pods-TestFirebaseAppUITests.debug.xcconfig */,
				37661B056045BB74778986B3 /* Pods-TestFirebaseAppUITests.release.xcconfig */,
			);
			name = Pods;
			sourceTree = "<group>";
		};
		418DEA381D449CE700D49A5A = {
			isa = PBXGroup;
			children = (
				418DEA431D449CE700D49A5A /* TestFirebaseApp */,
				418DEA581D449CE700D49A5A /* TestFirebaseAppTests */,
				418DEA631D449CE700D49A5A /* TestFirebaseAppUITests */,
				418DEA421D449CE700D49A5A /* Products */,
				0BDFAA72AF23E189035B3A03 /* Pods */,
				ADCB33EA3780C7C8646B065D /* Frameworks */,
			);
			sourceTree = "<group>";
		};
		418DEA421D449CE700D49A5A /* Products */ = {
			isa = PBXGroup;
			children = (
				418DEA411D449CE700D49A5A /* TestFirebaseApp.app */,
				418DEA551D449CE700D49A5A /* TestFirebaseAppTests.xctest */,
				418DEA601D449CE700D49A5A /* TestFirebaseAppUITests.xctest */,
			);
			name = Products;
			sourceTree = "<group>";
		};
		418DEA431D449CE700D49A5A /* TestFirebaseApp */ = {
			isa = PBXGroup;
			children = (
				418DEA441D449CE700D49A5A /* AppDelegate.swift */,
				418DEA461D449CE700D49A5A /* ViewController.swift */,
				418DEA481D449CE700D49A5A /* Main.storyboard */,
				418DEA4B1D449CE700D49A5A /* Assets.xcassets */,
				418DEA4D1D449CE700D49A5A /* LaunchScreen.storyboard */,
				418DEA501D449CE700D49A5A /* Info.plist */,
				418DEA761D449F3600D49A5A /* GoogleService-Info.plist */,
				41D48CA51D44B630008792EE /* TestFirebaseApp-Bridging-Header.h */,
				41D48CA61D44BB69008792EE /* GoogleSignInViewController.swift */,
			);
			path = TestFirebaseApp;
			sourceTree = "<group>";
		};
		418DEA581D449CE700D49A5A /* TestFirebaseAppTests */ = {
			isa = PBXGroup;
			children = (
				418DEA591D449CE700D49A5A /* TestFirebaseAppTests.swift */,
				418DEA5B1D449CE700D49A5A /* Info.plist */,
			);
			path = TestFirebaseAppTests;
			sourceTree = "<group>";
		};
		418DEA631D449CE700D49A5A /* TestFirebaseAppUITests */ = {
			isa = PBXGroup;
			children = (
				418DEA641D449CE700D49A5A /* TestFirebaseAppUITests.swift */,
				418DEA661D449CE700D49A5A /* Info.plist */,
			);
			path = TestFirebaseAppUITests;
			sourceTree = "<group>";
		};
		ADCB33EA3780C7C8646B065D /* Frameworks */ = {
			isa = PBXGroup;
			children = (
				FAFA7ED54254848CB37C6988 /* Pods_TestFirebaseApp.framework */,
				CCE7E8283D256938B9E2F2DC /* Pods_TestFirebaseAppTests.framework */,
				6C4690A4FC38DADEAE5142B1 /* Pods_TestFirebaseAppUITests.framework */,
			);
			name = Frameworks;
			sourceTree = "<group>";
		};
/* End PBXGroup section */

/* Begin PBXNativeTarget section */
		418DEA401D449CE700D49A5A /* TestFirebaseApp */ = {
			isa = PBXNativeTarget;
			buildConfigurationList = 418DEA691D449CE700D49A5A /* Build configuration list for PBXNativeTarget "TestFirebaseApp" */;
			buildPhases = (
				77864EA7F497C339C62EF132 /* [CP] Check Pods Manifest.lock */,
				418DEA3D1D449CE700D49A5A /* Sources */,
				418DEA3E1D449CE700D49A5A /* Frameworks */,
				418DEA3F1D449CE700D49A5A /* Resources */,
				02D8E07B8326656BA182D20B /* [CP] Embed Pods Frameworks */,
				3A1F1393D0668A5DAAF0F261 /* [CP] Copy Pods Resources */,
				418DEA7C1D44B18400D49A5A /* ShellScript */,
			);
			buildRules = (
			);
			dependencies = (
			);
			name = TestFirebaseApp;
			productName = TestFirebaseApp;
			productReference = 418DEA411D449CE700D49A5A /* TestFirebaseApp.app */;
			productType = "com.apple.product-type.application";
		};
		418DEA541D449CE700D49A5A /* TestFirebaseAppTests */ = {
			isa = PBXNativeTarget;
			buildConfigurationList = 418DEA6C1D449CE700D49A5A /* Build configuration list for PBXNativeTarget "TestFirebaseAppTests" */;
			buildPhases = (
				CA2583BFD4B8CFBBE9AB604C /* [CP] Check Pods Manifest.lock */,
				418DEA511D449CE700D49A5A /* Sources */,
				418DEA521D449CE700D49A5A /* Frameworks */,
				418DEA531D449CE700D49A5A /* Resources */,
				BB142306DD4205AA0BE33384 /* [CP] Embed Pods Frameworks */,
				7A1665A0AD491E9235021805 /* [CP] Copy Pods Resources */,
			);
			buildRules = (
			);
			dependencies = (
				418DEA571D449CE700D49A5A /* PBXTargetDependency */,
			);
			name = TestFirebaseAppTests;
			productName = TestFirebaseAppTests;
			productReference = 418DEA551D449CE700D49A5A /* TestFirebaseAppTests.xctest */;
			productType = "com.apple.product-type.bundle.unit-test";
		};
		418DEA5F1D449CE700D49A5A /* TestFirebaseAppUITests */ = {
			isa = PBXNativeTarget;
			buildConfigurationList = 418DEA6F1D449CE700D49A5A /* Build configuration list for PBXNativeTarget "TestFirebaseAppUITests" */;
			buildPhases = (
				ED57FAE5D809AAF3DDCB1C66 /* [CP] Check Pods Manifest.lock */,
				418DEA5C1D449CE700D49A5A /* Sources */,
				418DEA5D1D449CE700D49A5A /* Frameworks */,
				418DEA5E1D449CE700D49A5A /* Resources */,
				ED176AFDBB29890562E51B93 /* [CP] Copy Pods Resources */,
			);
			buildRules = (
			);
			dependencies = (
				418DEA621D449CE700D49A5A /* PBXTargetDependency */,
			);
			name = TestFirebaseAppUITests;
			productName = TestFirebaseAppUITests;
			productReference = 418DEA601D449CE700D49A5A /* TestFirebaseAppUITests.xctest */;
			productType = "com.apple.product-type.bundle.ui-testing";
		};
/* End PBXNativeTarget section */

/* Begin PBXProject section */
		418DEA391D449CE700D49A5A /* Project object */ = {
			isa = PBXProject;
			attributes = {
				LastSwiftUpdateCheck = 0730;
				LastUpgradeCheck = 0730;
				ORGANIZATIONNAME = puuga;
				TargetAttributes = {
					418DEA401D449CE700D49A5A = {
						CreatedOnToolsVersion = 7.3.1;
						DevelopmentTeam = XYW2JG27N9;
					};
					418DEA541D449CE700D49A5A = {
						CreatedOnToolsVersion = 7.3.1;
						TestTargetID = 418DEA401D449CE700D49A5A;
					};
					418DEA5F1D449CE700D49A5A = {
						CreatedOnToolsVersion = 7.3.1;
						TestTargetID = 418DEA401D449CE700D49A5A;
					};
				};
			};
			buildConfigurationList = 418DEA3C1D449CE700D49A5A /* Build configuration list for PBXProject "TestFirebaseApp" */;
			compatibilityVersion = "Xcode 3.2";
			developmentRegion = English;
			hasScannedForEncodings = 0;
			knownRegions = (
				en,
				Base,
			);
			mainGroup = 418DEA381D449CE700D49A5A;
			productRefGroup = 418DEA421D449CE700D49A5A /* Products */;
			projectDirPath = "";
			projectRoot = "";
			targets = (
				418DEA401D449CE700D49A5A /* TestFirebaseApp */,
				418DEA541D449CE700D49A5A /* TestFirebaseAppTests */,
				418DEA5F1D449CE700D49A5A /* TestFirebaseAppUITests */,
			);
		};
/* End PBXProject section */

/* Begin PBXResourcesBuildPhase section */
		418DEA3F1D449CE700D49A5A /* Resources */ = {
			isa = PBXResourcesBuildPhase;
			buildActionMask = 2147483647;
			files = (
				418DEA4F1D449CE700D49A5A /* LaunchScreen.storyboard in Resources */,
				418DEA771D449F3600D49A5A /* GoogleService-Info.plist in Resources */,
				418DEA4C1D449CE700D49A5A /* Assets.xcassets in Resources */,
				418DEA4A1D449CE700D49A5A /* Main.storyboard in Resources */,
			);
			runOnlyForDeploymentPostprocessing = 0;
		};
		418DEA531D449CE700D49A5A /* Resources */ = {
			isa = PBXResourcesBuildPhase;
			buildActionMask = 2147483647;
			files = (
				418DEA781D449F3600D49A5A /* GoogleService-Info.plist in Resources */,
			);
			runOnlyForDeploymentPostprocessing = 0;
		};
		418DEA5E1D449CE700D49A5A /* Resources */ = {
			isa = PBXResourcesBuildPhase;
			buildActionMask = 2147483647;
			files = (
				418DEA791D449F3600D49A5A /* GoogleService-Info.plist in Resources */,
			);
			runOnlyForDeploymentPostprocessing = 0;
		};
/* End PBXResourcesBuildPhase section */

/* Begin PBXShellScriptBuildPhase section */
		02D8E07B8326656BA182D20B /* [CP] Embed Pods Frameworks */ = {
			isa = PBXShellScriptBuildPhase;
			buildActionMask = 2147483647;
			files = (
			);
			inputPaths = (
			);
			name = "[CP] Embed Pods Frameworks";
			outputPaths = (
			);
			runOnlyForDeploymentPostprocessing = 0;
			shellPath = /bin/sh;
			shellScript = "\"${SRCROOT}/Pods/Target Support Files/Pods-TestFirebaseApp/Pods-TestFirebaseApp-frameworks.sh\"\n";
			showEnvVarsInLog = 0;
		};
		3A1F1393D0668A5DAAF0F261 /* [CP] Copy Pods Resources */ = {
			isa = PBXShellScriptBuildPhase;
			buildActionMask = 2147483647;
			files = (
			);
			inputPaths = (
			);
			name = "[CP] Copy Pods Resources";
			outputPaths = (
			);
			runOnlyForDeploymentPostprocessing = 0;
			shellPath = /bin/sh;
			shellScript = "\"${SRCROOT}/Pods/Target Support Files/Pods-TestFirebaseApp/Pods-TestFirebaseApp-resources.sh\"\n";
			showEnvVarsInLog = 0;
		};
		418DEA7C1D44B18400D49A5A /* ShellScript */ = {
			isa = PBXShellScriptBuildPhase;
			buildActionMask = 2147483647;
			files = (
			);
			inputPaths = (
			);
			outputPaths = (
			);
			runOnlyForDeploymentPostprocessing = 0;
			shellPath = /bin/sh;
			shellScript = "# Replace this path with the path to the key you just downloaded\nJSON_FILE=/Users/siwaweswongcharoen/Development/key/Test-iOS-f44f772bd3ff.json\n\n# Replace this with the GOOGLE_APP_ID from your GoogleService-Info.plist file\nGOOGLE_APP_ID=1:442627285769:ios:70b139203cbe5873\n\ndefaults write com.google.SymbolUpload version -integer 1   # creates file if it does not exist\nJSON=$(cat \"${JSON_FILE}\")\n/usr/bin/plutil -replace \"app_${GOOGLE_APP_ID//:/_}\" -json \"${JSON}\" \"$HOME/Library/Preferences/com.google.SymbolUpload.plist\"\n\"${PODS_ROOT}\"/FirebaseCrash/upload-sym\n";
		};
		77864EA7F497C339C62EF132 /* [CP] Check Pods Manifest.lock */ = {
			isa = PBXShellScriptBuildPhase;
			buildActionMask = 2147483647;
			files = (
			);
			inputPaths = (
			);
			name = "[CP] Check Pods Manifest.lock";
			outputPaths = (
			);
			runOnlyForDeploymentPostprocessing = 0;
			shellPath = /bin/sh;
			shellScript = "diff \"${PODS_ROOT}/../Podfile.lock\" \"${PODS_ROOT}/Manifest.lock\" > /dev/null\nif [[ $? != 0 ]] ; then\n    cat << EOM\nerror: The sandbox is not in sync with the Podfile.lock. Run 'pod install' or update your CocoaPods installation.\nEOM\n    exit 1\nfi\n";
			showEnvVarsInLog = 0;
		};
		7A1665A0AD491E9235021805 /* [CP] Copy Pods Resources */ = {
			isa = PBXShellScriptBuildPhase;
			buildActionMask = 2147483647;
			files = (
			);
			inputPaths = (
			);
			name = "[CP] Copy Pods Resources";
			outputPaths = (
			);
			runOnlyForDeploymentPostprocessing = 0;
			shellPath = /bin/sh;
			shellScript = "\"${SRCROOT}/Pods/Target Support Files/Pods-TestFirebaseAppTests/Pods-TestFirebaseAppTests-resources.sh\"\n";
			showEnvVarsInLog = 0;
		};
		BB142306DD4205AA0BE33384 /* [CP] Embed Pods Frameworks */ = {
			isa = PBXShellScriptBuildPhase;
			buildActionMask = 2147483647;
			files = (
			);
			inputPaths = (
			);
			name = "[CP] Embed Pods Frameworks";
			outputPaths = (
			);
			runOnlyForDeploymentPostprocessing = 0;
			shellPath = /bin/sh;
			shellScript = "\"${SRCROOT}/Pods/Target Support Files/Pods-TestFirebaseAppTests/Pods-TestFirebaseAppTests-frameworks.sh\"\n";
			showEnvVarsInLog = 0;
		};
		CA2583BFD4B8CFBBE9AB604C /* [CP] Check Pods Manifest.lock */ = {
			isa = PBXShellScriptBuildPhase;
			buildActionMask = 2147483647;
			files = (
			);
			inputPaths = (
			);
			name = "[CP] Check Pods Manifest.lock";
			outputPaths = (
			);
			runOnlyForDeploymentPostprocessing = 0;
			shellPath = /bin/sh;
			shellScript = "diff \"${PODS_ROOT}/../Podfile.lock\" \"${PODS_ROOT}/Manifest.lock\" > /dev/null\nif [[ $? != 0 ]] ; then\n    cat << EOM\nerror: The sandbox is not in sync with the Podfile.lock. Run 'pod install' or update your CocoaPods installation.\nEOM\n    exit 1\nfi\n";
			showEnvVarsInLog = 0;
		};
		ED176AFDBB29890562E51B93 /* [CP] Copy Pods Resources */ = {
			isa = PBXShellScriptBuildPhase;
			buildActionMask = 2147483647;
			files = (
			);
			inputPaths = (
			);
			name = "[CP] Copy Pods Resources";
			outputPaths = (
			);
			runOnlyForDeploymentPostprocessing = 0;
			shellPath = /bin/sh;
			shellScript = "\"${SRCROOT}/Pods/Target Support Files/Pods-TestFirebaseAppUITests/Pods-TestFirebaseAppUITests-resources.sh\"\n";
			showEnvVarsInLog = 0;
		};
		ED57FAE5D809AAF3DDCB1C66 /* [CP] Check Pods Manifest.lock */ = {
			isa = PBXShellScriptBuildPhase;
			buildActionMask = 2147483647;
			files = (
			);
			inputPaths = (
			);
			name = "[CP] Check Pods Manifest.lock";
			outputPaths = (
			);
			runOnlyForDeploymentPostprocessing = 0;
			shellPath = /bin/sh;
			shellScript = "diff \"${PODS_ROOT}/../Podfile.lock\" \"${PODS_ROOT}/Manifest.lock\" > /dev/null\nif [[ $? != 0 ]] ; then\n    cat << EOM\nerror: The sandbox is not in sync with the Podfile.lock. Run 'pod install' or update your CocoaPods installation.\nEOM\n    exit 1\nfi\n";
			showEnvVarsInLog = 0;
		};
/* End PBXShellScriptBuildPhase section */

/* Begin PBXSourcesBuildPhase section */
		418DEA3D1D449CE700D49A5A /* Sources */ = {
			isa = PBXSourcesBuildPhase;
			buildActionMask = 2147483647;
			files = (
				41D48CA71D44BB69008792EE /* GoogleSignInViewController.swift in Sources */,
				418DEA471D449CE700D49A5A /* ViewController.swift in Sources */,
				418DEA451D449CE700D49A5A /* AppDelegate.swift in Sources */,
			);
			runOnlyForDeploymentPostprocessing = 0;
		};
		418DEA511D449CE700D49A5A /* Sources */ = {
			isa = PBXSourcesBuildPhase;
			buildActionMask = 2147483647;
			files = (
				418DEA5A1D449CE700D49A5A /* TestFirebaseAppTests.swift in Sources */,
			);
			runOnlyForDeploymentPostprocessing = 0;
		};
		418DEA5C1D449CE700D49A5A /* Sources */ = {
			isa = PBXSourcesBuildPhase;
			buildActionMask = 2147483647;
			files = (
				418DEA651D449CE700D49A5A /* TestFirebaseAppUITests.swift in Sources */,
			);
			runOnlyForDeploymentPostprocessing = 0;
		};
/* End PBXSourcesBuildPhase section */

/* Begin PBXTargetDependency section */
		418DEA571D449CE700D49A5A /* PBXTargetDependency */ = {
			isa = PBXTargetDependency;
			target = 418DEA401D449CE700D49A5A /* TestFirebaseApp */;
			targetProxy = 418DEA561D449CE700D49A5A /* PBXContainerItemProxy */;
		};
		418DEA621D449CE700D49A5A /* PBXTargetDependency */ = {
			isa = PBXTargetDependency;
			target = 418DEA401D449CE700D49A5A /* TestFirebaseApp */;
			targetProxy = 418DEA611D449CE700D49A5A /* PBXContainerItemProxy */;
		};
/* End PBXTargetDependency section */

/* Begin PBXVariantGroup section */
		418DEA481D449CE700D49A5A /* Main.storyboard */ = {
			isa = PBXVariantGroup;
			children = (
				418DEA491D449CE700D49A5A /* Base */,
			);
			name = Main.storyboard;
			sourceTree = "<group>";
		};
		418DEA4D1D449CE700D49A5A /* LaunchScreen.storyboard */ = {
			isa = PBXVariantGroup;
			children = (
				418DEA4E1D449CE700D49A5A /* Base */,
			);
			name = LaunchScreen.storyboard;
			sourceTree = "<group>";
		};
/* End PBXVariantGroup section */

/* Begin XCBuildConfiguration section */
		418DEA671D449CE700D49A5A /* Debug */ = {
			isa = XCBuildConfiguration;
			buildSettings = {
				ALWAYS_SEARCH_USER_PATHS = NO;
				CLANG_ANALYZER_NONNULL = YES;
				CLANG_CXX_LANGUAGE_STANDARD = "gnu++0x";
				CLANG_CXX_LIBRARY = "libc++";
				CLANG_ENABLE_MODULES = YES;
				CLANG_ENABLE_OBJC_ARC = YES;
				CLANG_WARN_BOOL_CONVERSION = YES;
				CLANG_WARN_CONSTANT_CONVERSION = YES;
				CLANG_WARN_DIRECT_OBJC_ISA_USAGE = YES_ERROR;
				CLANG_WARN_EMPTY_BODY = YES;
				CLANG_WARN_ENUM_CONVERSION = YES;
				CLANG_WARN_INT_CONVERSION = YES;
				CLANG_WARN_OBJC_ROOT_CLASS = YES_ERROR;
				CLANG_WARN_UNREACHABLE_CODE = YES;
				CLANG_WARN__DUPLICATE_METHOD_MATCH = YES;
				"CODE_SIGN_IDENTITY[sdk=iphoneos*]" = "iPhone Developer";
				COPY_PHASE_STRIP = NO;
				DEBUG_INFORMATION_FORMAT = dwarf;
				ENABLE_STRICT_OBJC_MSGSEND = YES;
				ENABLE_TESTABILITY = YES;
				GCC_C_LANGUAGE_STANDARD = gnu99;
				GCC_DYNAMIC_NO_PIC = NO;
				GCC_NO_COMMON_BLOCKS = YES;
				GCC_OPTIMIZATION_LEVEL = 0;
				GCC_PREPROCESSOR_DEFINITIONS = (
					"DEBUG=1",
					"$(inherited)",
				);
				GCC_WARN_64_TO_32_BIT_CONVERSION = YES;
				GCC_WARN_ABOUT_RETURN_TYPE = YES_ERROR;
				GCC_WARN_UNDECLARED_SELECTOR = YES;
				GCC_WARN_UNINITIALIZED_AUTOS = YES_AGGRESSIVE;
				GCC_WARN_UNUSED_FUNCTION = YES;
				GCC_WARN_UNUSED_VARIABLE = YES;
				IPHONEOS_DEPLOYMENT_TARGET = 9.3;
				MTL_ENABLE_DEBUG_INFO = YES;
				ONLY_ACTIVE_ARCH = YES;
				SDKROOT = iphoneos;
				SWIFT_OPTIMIZATION_LEVEL = "-Onone";
			};
			name = Debug;
		};
		418DEA681D449CE700D49A5A /* Release */ = {
			isa = XCBuildConfiguration;
			buildSettings = {
				ALWAYS_SEARCH_USER_PATHS = NO;
				CLANG_ANALYZER_NONNULL = YES;
				CLANG_CXX_LANGUAGE_STANDARD = "gnu++0x";
				CLANG_CXX_LIBRARY = "libc++";
				CLANG_ENABLE_MODULES = YES;
				CLANG_ENABLE_OBJC_ARC = YES;
				CLANG_WARN_BOOL_CONVERSION = YES;
				CLANG_WARN_CONSTANT_CONVERSION = YES;
				CLANG_WARN_DIRECT_OBJC_ISA_USAGE = YES_ERROR;
				CLANG_WARN_EMPTY_BODY = YES;
				CLANG_WARN_ENUM_CONVERSION = YES;
				CLANG_WARN_INT_CONVERSION = YES;
				CLANG_WARN_OBJC_ROOT_CLASS = YES_ERROR;
				CLANG_WARN_UNREACHABLE_CODE = YES;
				CLANG_WARN__DUPLICATE_METHOD_MATCH = YES;
				"CODE_SIGN_IDENTITY[sdk=iphoneos*]" = "iPhone Developer";
				COPY_PHASE_STRIP = NO;
				DEBUG_INFORMATION_FORMAT = "dwarf-with-dsym";
				ENABLE_NS_ASSERTIONS = NO;
				ENABLE_STRICT_OBJC_MSGSEND = YES;
				GCC_C_LANGUAGE_STANDARD = gnu99;
				GCC_NO_COMMON_BLOCKS = YES;
				GCC_WARN_64_TO_32_BIT_CONVERSION = YES;
				GCC_WARN_ABOUT_RETURN_TYPE = YES_ERROR;
				GCC_WARN_UNDECLARED_SELECTOR = YES;
				GCC_WARN_UNINITIALIZED_AUTOS = YES_AGGRESSIVE;
				GCC_WARN_UNUSED_FUNCTION = YES;
				GCC_WARN_UNUSED_VARIABLE = YES;
				IPHONEOS_DEPLOYMENT_TARGET = 9.3;
				MTL_ENABLE_DEBUG_INFO = NO;
				SDKROOT = iphoneos;
				VALIDATE_PRODUCT = YES;
			};
			name = Release;
		};
		418DEA6A1D449CE700D49A5A /* Debug */ = {
			isa = XCBuildConfiguration;
			baseConfigurationReference = 9A28B2915E08249EF6D6D53C /* Pods-TestFirebaseApp.debug.xcconfig */;
			buildSettings = {
				ASSETCATALOG_COMPILER_APPICON_NAME = AppIcon;
				CODE_SIGN_IDENTITY = "iPhone Developer";
				"CODE_SIGN_IDENTITY[sdk=iphoneos*]" = "iPhone Developer";
				INFOPLIST_FILE = TestFirebaseApp/Info.plist;
				LD_RUNPATH_SEARCH_PATHS = "$(inherited) @executable_path/Frameworks";
				PRODUCT_BUNDLE_IDENTIFIER = com.puuga.TestFirebaseApp;
				PRODUCT_NAME = "$(TARGET_NAME)";
				PROVISIONING_PROFILE = "";
				"SWIFT_OBJC_BRIDGING_HEADER[arch=*]" = "TestFirebaseApp/TestFirebaseApp-Bridging-Header.h";
			};
			name = Debug;
		};
		418DEA6B1D449CE700D49A5A /* Release */ = {
			isa = XCBuildConfiguration;
			baseConfigurationReference = 452FC683F9DC511A1B40A98F /* Pods-TestFirebaseApp.release.xcconfig */;
			buildSettings = {
				ASSETCATALOG_COMPILER_APPICON_NAME = AppIcon;
				CODE_SIGN_IDENTITY = "iPhone Developer";
				"CODE_SIGN_IDENTITY[sdk=iphoneos*]" = "iPhone Developer";
				INFOPLIST_FILE = TestFirebaseApp/Info.plist;
				LD_RUNPATH_SEARCH_PATHS = "$(inherited) @executable_path/Frameworks";
				PRODUCT_BUNDLE_IDENTIFIER = com.puuga.TestFirebaseApp;
				PRODUCT_NAME = "$(TARGET_NAME)";
				PROVISIONING_PROFILE = "";
				"SWIFT_OBJC_BRIDGING_HEADER[arch=*]" = "TestFirebaseApp/TestFirebaseApp-Bridging-Header.h";
			};
			name = Release;
		};
		418DEA6D1D449CE700D49A5A /* Debug */ = {
			isa = XCBuildConfiguration;
			baseConfigurationReference = CAA2361917BCB5B74807DBAA /* Pods-TestFirebaseAppTests.debug.xcconfig */;
			buildSettings = {
				BUNDLE_LOADER = "$(TEST_HOST)";
				INFOPLIST_FILE = TestFirebaseAppTests/Info.plist;
				LD_RUNPATH_SEARCH_PATHS = "$(inherited) @executable_path/Frameworks @loader_path/Frameworks";
				PRODUCT_BUNDLE_IDENTIFIER = com.puuga.TestFirebaseAppTests;
				PRODUCT_NAME = "$(TARGET_NAME)";
				TEST_HOST = "$(BUILT_PRODUCTS_DIR)/TestFirebaseApp.app/TestFirebaseApp";
			};
			name = Debug;
		};
		418DEA6E1D449CE700D49A5A /* Release */ = {
			isa = XCBuildConfiguration;
			baseConfigurationReference = B9B80B9C31C43E547A565901 /* Pods-TestFirebaseAppTests.release.xcconfig */;
			buildSettings = {
				BUNDLE_LOADER = "$(TEST_HOST)";
				INFOPLIST_FILE = TestFirebaseAppTests/Info.plist;
				LD_RUNPATH_SEARCH_PATHS = "$(inherited) @executable_path/Frameworks @loader_path/Frameworks";
				PRODUCT_BUNDLE_IDENTIFIER = com.puuga.TestFirebaseAppTests;
				PRODUCT_NAME = "$(TARGET_NAME)";
				TEST_HOST = "$(BUILT_PRODUCTS_DIR)/TestFirebaseApp.app/TestFirebaseApp";
			};
			name = Release;
		};
		418DEA701D449CE700D49A5A /* Debug */ = {
			isa = XCBuildConfiguration;
			baseConfigurationReference = DF324CB90BD87CB1113C1AFE /* Pods-TestFirebaseAppUITests.debug.xcconfig */;
			buildSettings = {
				INFOPLIST_FILE = TestFirebaseAppUITests/Info.plist;
				LD_RUNPATH_SEARCH_PATHS = "$(inherited) @executable_path/Frameworks @loader_path/Frameworks";
				PRODUCT_BUNDLE_IDENTIFIER = com.puuga.TestFirebaseAppUITests;
				PRODUCT_NAME = "$(TARGET_NAME)";
				TEST_TARGET_NAME = TestFirebaseApp;
			};
			name = Debug;
		};
		418DEA711D449CE700D49A5A /* Release */ = {
			isa = XCBuildConfiguration;
			baseConfigurationReference = 37661B056045BB74778986B3 /* Pods-TestFirebaseAppUITests.release.xcconfig */;
			buildSettings = {
				INFOPLIST_FILE = TestFirebaseAppUITests/Info.plist;
				LD_RUNPATH_SEARCH_PATHS = "$(inherited) @executable_path/Frameworks @loader_path/Frameworks";
				PRODUCT_BUNDLE_IDENTIFIER = com.puuga.TestFirebaseAppUITests;
				PRODUCT_NAME = "$(TARGET_NAME)";
				TEST_TARGET_NAME = TestFirebaseApp;
			};
			name = Release;
		};
/* End XCBuildConfiguration section */

/* Begin XCConfigurationList section */
		418DEA3C1D449CE700D49A5A /* Build configuration list for PBXProject "TestFirebaseApp" */ = {
			isa = XCConfigurationList;
			buildConfigurations = (
				418DEA671D449CE700D49A5A /* Debug */,
				418DEA681D449CE700D49A5A /* Release */,
			);
			defaultConfigurationIsVisible = 0;
			defaultConfigurationName = Release;
		};
		418DEA691D449CE700D49A5A /* Build configuration list for PBXNativeTarget "TestFirebaseApp" */ = {
			isa = XCConfigurationList;
			buildConfigurations = (
				418DEA6A1D449CE700D49A5A /* Debug */,
				418DEA6B1D449CE700D49A5A /* Release */,
			);
			defaultConfigurationIsVisible = 0;
			defaultConfigurationName = Release;
		};
		418DEA6C1D449CE700D49A5A /* Build configuration list for PBXNativeTarget "TestFirebaseAppTests" */ = {
			isa = XCConfigurationList;
			buildConfigurations = (
				418DEA6D1D449CE700D49A5A /* Debug */,
				418DEA6E1D449CE700D49A5A /* Release */,
			);
			defaultConfigurationIsVisible = 0;
			defaultConfigurationName = Release;
		};
		418DEA6F1D449CE700D49A5A /* Build configuration list for PBXNativeTarget "TestFirebaseAppUITests" */ = {
			isa = XCConfigurationList;
			buildConfigurations = (
				418DEA701D449CE700D49A5A /* Debug */,
				418DEA711D449CE700D49A5A /* Release */,
			);
			defaultConfigurationIsVisible = 0;
			defaultConfigurationName = Release;
		};
/* End XCConfigurationList section */
	};
	rootObject = 418DEA391D449CE700D49A5A /* Project object */;
}
